
Microsoft Visual Studio Solution File, Format Version 12.00
# Visual Studio Version 16
VisualStudioVersion = 16.0.30804.86
MinimumVisualStudioVersion = 10.0.40219.1
Project("{FAE04EC0-301F-11D3-BF4B-00C04F79EFBC}") = "LargeTextFileIndexerLib", "LargeTextFileIndexerLib\LargeTextFileIndexerLib.csproj", "{BE4890B9-D837-4628-B566-9FE774AF7D4C}"
EndProject
Project("{FAE04EC0-301F-11D3-BF4B-00C04F79EFBC}") = "LargeTextFileIndexerTests", "LargeTextFileIndexerTests\LargeTextFileIndexerTests.csproj", "{CD9F8A0E-F078-488A-BDA1-8D4435C2B022}"
EndProject
Global
	GlobalSection(SolutionConfigurationPlatforms) = preSolution
		Debug|Any CPU = Debug|Any CPU
		Release|Any CPU = Release|Any CPU
	EndGlobalSection
	GlobalSection(ProjectConfigurationPlatforms) = postSolution
		{BE4890B9-D837-4628-B566-9FE774AF7D4C}.Debug|Any CPU.ActiveCfg = Debug|Any CPU
		{BE4890B9-D837-4628-B566-9FE774AF7D4C}.Debug|Any CPU.Build.0 = Debug|Any CPU
		{BE4890B9-D837-4628-B566-9FE774AF7D4C}.Release|Any CPU.ActiveCfg = Release|Any CPU
		{BE4890B9-D837-4628-B566-9FE774AF7D4C}.Release|Any CPU.Build.0 = Release|Any CPU
		{CD9F8A0E-F078-488A-BDA1-8D4435C2B022}.Debug|Any CPU.ActiveCfg = Debug|Any CPU
		{CD9F8A0E-F078-488A-BDA1-8D4435C2B022}.Debug|Any CPU.Build.0 = Debug|Any CPU
		{CD9F8A0E-F078-488A-BDA1-8D4435C2B022}.Release|Any CPU.ActiveCfg = Release|Any CPU
		{CD9F8A0E-F078-488A-BDA1-8D4435C2B022}.Release|Any CPU.Build.0 = Release|Any CPU
	EndGlobalSection
	GlobalSection(SolutionProperties) = preSolution
		HideSolutionNode = FALSE
	EndGlobalSection
	GlobalSection(ExtensibilityGlobals) = postSolution
		SolutionGuid = {1C8C7639-E515-4349-BB09-DE5DB1BAF281}
	EndGlobalSection
EndGlobal
